
Microsoft Visual Studio Solution File, Format Version 12.00
# Visual Studio Version 17
VisualStudioVersion = 17.9.34701.34
MinimumVisualStudioVersion = 10.0.40219.1
Project("{FAE04EC0-301F-11D3-BF4B-00C04F79EFBC}") = "VitrineProdutosWeb", "VitrineProdutosWeb.csproj", "{92B6B93B-C0BB-4FDE-B0A2-D050F7A1AF9C}"
EndProject
Project("{FAE04EC0-301F-11D3-BF4B-00C04F79EFBC}") = "VitrineProdutos.Core", "..\VitrineProdutos.Core\VitrineProdutos.Core.csproj", "{C3B216F9-6716-4171-B6A1-E74F9D24516F}"
EndProject
Project("{FAE04EC0-301F-11D3-BF4B-00C04F79EFBC}") = "VitrineProdutos.Infra", "..\VitrineProdutos.Infra\VitrineProdutos.Infra.csproj", "{04F0805F-31B1-4678-8035-C4FC6683069D}"
EndProject
Global
	GlobalSection(SolutionConfigurationPlatforms) = preSolution
		Debug|Any CPU = Debug|Any CPU
		Release|Any CPU = Release|Any CPU
	EndGlobalSection
	GlobalSection(ProjectConfigurationPlatforms) = postSolution
		{92B6B93B-C0BB-4FDE-B0A2-D050F7A1AF9C}.Debug|Any CPU.ActiveCfg = Debug|Any CPU
		{92B6B93B-C0BB-4FDE-B0A2-D050F7A1AF9C}.Debug|Any CPU.Build.0 = Debug|Any CPU
		{92B6B93B-C0BB-4FDE-B0A2-D050F7A1AF9C}.Release|Any CPU.ActiveCfg = Release|Any CPU
		{92B6B93B-C0BB-4FDE-B0A2-D050F7A1AF9C}.Release|Any CPU.Build.0 = Release|Any CPU
		{C3B216F9-6716-4171-B6A1-E74F9D24516F}.Debug|Any CPU.ActiveCfg = Debug|Any CPU
		{C3B216F9-6716-4171-B6A1-E74F9D24516F}.Debug|Any CPU.Build.0 = Debug|Any CPU
		{C3B216F9-6716-4171-B6A1-E74F9D24516F}.Release|Any CPU.ActiveCfg = Release|Any CPU
		{C3B216F9-6716-4171-B6A1-E74F9D24516F}.Release|Any CPU.Build.0 = Release|Any CPU
		{04F0805F-31B1-4678-8035-C4FC6683069D}.Debug|Any CPU.ActiveCfg = Debug|Any CPU
		{04F0805F-31B1-4678-8035-C4FC6683069D}.Debug|Any CPU.Build.0 = Debug|Any CPU
		{04F0805F-31B1-4678-8035-C4FC6683069D}.Release|Any CPU.ActiveCfg = Release|Any CPU
		{04F0805F-31B1-4678-8035-C4FC6683069D}.Release|Any CPU.Build.0 = Release|Any CPU
	EndGlobalSection
	GlobalSection(SolutionProperties) = preSolution
		HideSolutionNode = FALSE
	EndGlobalSection
	GlobalSection(ExtensibilityGlobals) = postSolution
		SolutionGuid = {BE99397B-C67B-429E-ACB3-DA621ABE6D21}
	EndGlobalSection
EndGlobal
